{
  "pins" : [
    {
      "identity" : "express-video-ios",
      "kind" : "remoteSourceControl",
      "location" : "https://github.com/zegolibrary/express-video-ios",
      "state" : {
        "revision" : "da756174a27b880d65eee1c6178c5f9e915663cb",
        "version" : "3.6.0"
      }
    }
  ],
  "version" : 2
}
